// !$*UTF8*$!
{
	archiveVersion = 1;
	classes = {
	};
	objectVersion = 45;
	objects = {

/* Begin PBXBuildFile section */
		1D3623260D0F684500981E51 /* LindsayARAppDelegate.m in Sources */ = {isa = PBXBuildFile; fileRef = 1D3623250D0F684500981E51 /* LindsayARAppDelegate.m */; };
		1D60589B0D05DD56006BFB54 /* main.m in Sources */ = {isa = PBXBuildFile; fileRef = 29B97316FDCFA39411CA2CEA /* main.m */; };
		1D60589F0D05DD5A006BFB54 /* Foundation.framework in Frameworks */ = {isa = PBXBuildFile; fileRef = 1D30AB110D05D00D00671497 /* Foundation.framework */; };
		1DF5F4E00D08C38300B7A737 /* UIKit.framework in Frameworks */ = {isa = PBXBuildFile; fileRef = 1DF5F4DF0D08C38300B7A737 /* UIKit.framework */; };
		28AD733F0D9D9553002E5188 /* MainWindow.xib in Resources */ = {isa = PBXBuildFile; fileRef = 28AD733E0D9D9553002E5188 /* MainWindow.xib */; };
		28FD15000DC6FC520079059D /* OpenGLES.framework in Frameworks */ = {isa = PBXBuildFile; fileRef = 28FD14FF0DC6FC520079059D /* OpenGLES.framework */; };
		28FD15080DC6FC5B0079059D /* QuartzCore.framework in Frameworks */ = {isa = PBXBuildFile; fileRef = 28FD15070DC6FC5B0079059D /* QuartzCore.framework */; };
		553EECEC12853DD50077B602 /* ConnectMenuViewController.m in Sources */ = {isa = PBXBuildFile; fileRef = 553EECEB12853DD50077B602 /* ConnectMenuViewController.m */; };
		553EECEE12853DE10077B602 /* ConnectMenuViewController.xib in Resources */ = {isa = PBXBuildFile; fileRef = 553EECED12853DE10077B602 /* ConnectMenuViewController.xib */; };
		553EED4C128542E10077B602 /* Default2.png in Resources */ = {isa = PBXBuildFile; fileRef = 553EED4B128542E10077B602 /* Default2.png */; };
		5548E9F411CD9259003EF5B4 /* AVFoundation.framework in Frameworks */ = {isa = PBXBuildFile; fileRef = 5548E9F311CD9259003EF5B4 /* AVFoundation.framework */; };
		5548EA4C11CD9324003EF5B4 /* CoreVideo.framework in Frameworks */ = {isa = PBXBuildFile; fileRef = 5548EA4B11CD9324003EF5B4 /* CoreVideo.framework */; };
		5548EA7611CD93EA003EF5B4 /* CameraController.m in Sources */ = {isa = PBXBuildFile; fileRef = 5548EA7511CD93EA003EF5B4 /* CameraController.m */; };
		5548EB1411CD9EB1003EF5B4 /* Default.png in Resources */ = {isa = PBXBuildFile; fileRef = 5548EB1311CD9EB1003EF5B4 /* Default.png */; };
		555148CA1221E89D00E924EA /* AsyncSocketClientWrapper.m in Sources */ = {isa = PBXBuildFile; fileRef = 555148C91221E89D00E924EA /* AsyncSocketClientWrapper.m */; };
		5551495A122455D600E924EA /* AsyncSocket.m in Sources */ = {isa = PBXBuildFile; fileRef = 55514959122455D600E924EA /* AsyncSocket.m */; };
		55514A291224606100E924EA /* CFNetwork.framework in Frameworks */ = {isa = PBXBuildFile; fileRef = 55514A281224606100E924EA /* CFNetwork.framework */; };
		5559D24911DBF5A0004A8672 /* CoreMedia.framework in Frameworks */ = {isa = PBXBuildFile; fileRef = 5559D24811DBF5A0004A8672 /* CoreMedia.framework */; };
		55703C94122E13D60068E0A6 /* MockTracker.cpp in Sources */ = {isa = PBXBuildFile; fileRef = 55703C92122E13D60068E0A6 /* MockTracker.cpp */; };
		55703C95122E13D60068E0A6 /* MockARToolKitPlusWrapper.mm in Sources */ = {isa = PBXBuildFile; fileRef = 55703C93122E13D60068E0A6 /* MockARToolKitPlusWrapper.mm */; };
		55703C98122E13E20068E0A6 /* ARToolKitPlusWrapperTest.mm in Sources */ = {isa = PBXBuildFile; fileRef = 55703C97122E13E20068E0A6 /* ARToolKitPlusWrapperTest.mm */; };
		5589004D120BCDD400A4B9AE /* Camera.cpp in Sources */ = {isa = PBXBuildFile; fileRef = 5589001F120BCDD400A4B9AE /* Camera.cpp */; };
		5589004E120BCDD400A4B9AE /* arBitFieldPattern.cpp in Sources */ = {isa = PBXBuildFile; fileRef = 55890021120BCDD400A4B9AE /* arBitFieldPattern.cpp */; };
		5589004F120BCDD400A4B9AE /* arDetectMarker.cpp in Sources */ = {isa = PBXBuildFile; fileRef = 55890022120BCDD400A4B9AE /* arDetectMarker.cpp */; };
		55890050120BCDD400A4B9AE /* arDetectMarker2.cpp in Sources */ = {isa = PBXBuildFile; fileRef = 55890023120BCDD400A4B9AE /* arDetectMarker2.cpp */; };
		55890051120BCDD400A4B9AE /* arGetCode.cpp in Sources */ = {isa = PBXBuildFile; fileRef = 55890024120BCDD400A4B9AE /* arGetCode.cpp */; };
		55890052120BCDD400A4B9AE /* arGetInitRot2.cpp in Sources */ = {isa = PBXBuildFile; fileRef = 55890025120BCDD400A4B9AE /* arGetInitRot2.cpp */; };
		55890053120BCDD400A4B9AE /* arGetMarkerInfo.cpp in Sources */ = {isa = PBXBuildFile; fileRef = 55890026120BCDD400A4B9AE /* arGetMarkerInfo.cpp */; };
		55890054120BCDD400A4B9AE /* arGetTransMat.cpp in Sources */ = {isa = PBXBuildFile; fileRef = 55890027120BCDD400A4B9AE /* arGetTransMat.cpp */; };
		55890055120BCDD400A4B9AE /* arGetTransMat2.cpp in Sources */ = {isa = PBXBuildFile; fileRef = 55890028120BCDD400A4B9AE /* arGetTransMat2.cpp */; };
		55890056120BCDD400A4B9AE /* arGetTransMat3.cpp in Sources */ = {isa = PBXBuildFile; fileRef = 55890029120BCDD400A4B9AE /* arGetTransMat3.cpp */; };
		55890057120BCDD400A4B9AE /* arGetTransMatCont.cpp in Sources */ = {isa = PBXBuildFile; fileRef = 5589002A120BCDD400A4B9AE /* arGetTransMatCont.cpp */; };
		55890058120BCDD400A4B9AE /* arLabeling.cpp in Sources */ = {isa = PBXBuildFile; fileRef = 5589002B120BCDD400A4B9AE /* arLabeling.cpp */; };
		55890059120BCDD400A4B9AE /* arMultiActivate.cpp in Sources */ = {isa = PBXBuildFile; fileRef = 5589002D120BCDD400A4B9AE /* arMultiActivate.cpp */; };
		5589005A120BCDD400A4B9AE /* arMultiGetTransMat.cpp in Sources */ = {isa = PBXBuildFile; fileRef = 5589002E120BCDD400A4B9AE /* arMultiGetTransMat.cpp */; };
		5589005B120BCDD400A4B9AE /* arMultiGetTransMatHull.cpp in Sources */ = {isa = PBXBuildFile; fileRef = 5589002F120BCDD400A4B9AE /* arMultiGetTransMatHull.cpp */; };
		5589005C120BCDD400A4B9AE /* arMultiReadConfigFile.cpp in Sources */ = {isa = PBXBuildFile; fileRef = 55890030120BCDD400A4B9AE /* arMultiReadConfigFile.cpp */; };
		5589005D120BCDD400A4B9AE /* arUtil.cpp in Sources */ = {isa = PBXBuildFile; fileRef = 55890031120BCDD400A4B9AE /* arUtil.cpp */; };
		5589005E120BCDD400A4B9AE /* matrix.cpp in Sources */ = {isa = PBXBuildFile; fileRef = 55890032120BCDD400A4B9AE /* matrix.cpp */; };
		5589005F120BCDD400A4B9AE /* mPCA.cpp in Sources */ = {isa = PBXBuildFile; fileRef = 55890033120BCDD400A4B9AE /* mPCA.cpp */; };
		55890060120BCDD400A4B9AE /* paramDecomp.cpp in Sources */ = {isa = PBXBuildFile; fileRef = 55890034120BCDD400A4B9AE /* paramDecomp.cpp */; };
		55890061120BCDD400A4B9AE /* paramDistortion.cpp in Sources */ = {isa = PBXBuildFile; fileRef = 55890035120BCDD400A4B9AE /* paramDistortion.cpp */; };
		55890062120BCDD400A4B9AE /* rppGetTransMat.cpp in Sources */ = {isa = PBXBuildFile; fileRef = 55890036120BCDD400A4B9AE /* rppGetTransMat.cpp */; };
		55890063120BCDD400A4B9AE /* rppMultiGetTransMat.cpp in Sources */ = {isa = PBXBuildFile; fileRef = 55890037120BCDD400A4B9AE /* rppMultiGetTransMat.cpp */; };
		55890064120BCDD400A4B9AE /* vector.cpp in Sources */ = {isa = PBXBuildFile; fileRef = 55890038120BCDD400A4B9AE /* vector.cpp */; };
		55890065120BCDD400A4B9AE /* BCH.cpp in Sources */ = {isa = PBXBuildFile; fileRef = 5589003A120BCDD400A4B9AE /* BCH.cpp */; };
		55890066120BCDD400A4B9AE /* BCH_original.txt in Resources */ = {isa = PBXBuildFile; fileRef = 5589003B120BCDD400A4B9AE /* BCH_original.txt */; };
		55890067120BCDD400A4B9AE /* Hull.cpp in Sources */ = {isa = PBXBuildFile; fileRef = 5589003C120BCDD400A4B9AE /* Hull.cpp */; };
		55890068120BCDD400A4B9AE /* arGetInitRot2Sub.cpp in Sources */ = {isa = PBXBuildFile; fileRef = 5589003E120BCDD400A4B9AE /* arGetInitRot2Sub.cpp */; };
		55890069120BCDD400A4B9AE /* librpp.cpp in Sources */ = {isa = PBXBuildFile; fileRef = 5589003F120BCDD400A4B9AE /* librpp.cpp */; };
		5589006A120BCDD400A4B9AE /* rpp.cpp in Sources */ = {isa = PBXBuildFile; fileRef = 55890042120BCDD400A4B9AE /* rpp.cpp */; };
		5589006B120BCDD400A4B9AE /* rpp_quintic.cpp in Sources */ = {isa = PBXBuildFile; fileRef = 55890045120BCDD400A4B9AE /* rpp_quintic.cpp */; };
		5589006C120BCDD400A4B9AE /* rpp_svd.cpp in Sources */ = {isa = PBXBuildFile; fileRef = 55890046120BCDD400A4B9AE /* rpp_svd.cpp */; };
		5589006D120BCDD400A4B9AE /* rpp_vecmat.cpp in Sources */ = {isa = PBXBuildFile; fileRef = 55890048120BCDD400A4B9AE /* rpp_vecmat.cpp */; };
		5589006E120BCDD400A4B9AE /* Tracker.cpp in Sources */ = {isa = PBXBuildFile; fileRef = 5589004A120BCDD400A4B9AE /* Tracker.cpp */; };
		5589006F120BCDD500A4B9AE /* TrackerMultiMarker.cpp in Sources */ = {isa = PBXBuildFile; fileRef = 5589004B120BCDD400A4B9AE /* TrackerMultiMarker.cpp */; };
		55890070120BCDD500A4B9AE /* TrackerSingleMarker.cpp in Sources */ = {isa = PBXBuildFile; fileRef = 5589004C120BCDD400A4B9AE /* TrackerSingleMarker.cpp */; };
		55890087120BCDEB00A4B9AE /* markerboard_480-499.cfg in Resources */ = {isa = PBXBuildFile; fileRef = 5589007B120BCDEB00A4B9AE /* markerboard_480-499.cfg */; };
		5589008A120BCDEB00A4B9AE /* no_distortion.cal in Resources */ = {isa = PBXBuildFile; fileRef = 5589007E120BCDEB00A4B9AE /* no_distortion.cal */; };
		55890099120BCE1400A4B9AE /* ARToolKitPlusWrapper.mm in Sources */ = {isa = PBXBuildFile; fileRef = 55890098120BCE1400A4B9AE /* ARToolKitPlusWrapper.mm */; };
		55A5EF3911C6A6FA00CF2CBE /* CoreGraphics.framework in Frameworks */ = {isa = PBXBuildFile; fileRef = 55A5EF3811C6A6FA00CF2CBE /* CoreGraphics.framework */; };
		55A5EF4211C6A71500CF2CBE /* EAGLView.m in Sources */ = {isa = PBXBuildFile; fileRef = 55A5EF3D11C6A71500CF2CBE /* EAGLView.m */; };
		55A5EF4411C6A71500CF2CBE /* ES1Renderer.m in Sources */ = {isa = PBXBuildFile; fileRef = 55A5EF4111C6A71500CF2CBE /* ES1Renderer.m */; };
		55A5EF4711C6A84700CF2CBE /* skel50.lin in Resources */ = {isa = PBXBuildFile; fileRef = 55A5EF4611C6A84700CF2CBE /* skel50.lin */; };
		55A5F12D11C6DA6800CF2CBE /* Icon.png in Resources */ = {isa = PBXBuildFile; fileRef = 55A5F12C11C6DA6800CF2CBE /* Icon.png */; };
		55C9BC2412078E1D00717481 /* LCGraphicsES_Dev.a in Frameworks */ = {isa = PBXBuildFile; fileRef = 55C9BC2212078E1D00717481 /* LCGraphicsES_Dev.a */; };
		55C9BC2512078E1D00717481 /* LCGraphicsES_Sim.a in Frameworks */ = {isa = PBXBuildFile; fileRef = 55C9BC2312078E1D00717481 /* LCGraphicsES_Sim.a */; };
		55DD432A122B564A009DBFA5 /* markerboard_480-499.cfg in Resources */ = {isa = PBXBuildFile; fileRef = 5589007B120BCDEB00A4B9AE /* markerboard_480-499.cfg */; };
		55DD432B122B564A009DBFA5 /* no_distortion.cal in Resources */ = {isa = PBXBuildFile; fileRef = 5589007E120BCDEB00A4B9AE /* no_distortion.cal */; };
		55DD432C122B565D009DBFA5 /* Camera.cpp in Sources */ = {isa = PBXBuildFile; fileRef = 5589001F120BCDD400A4B9AE /* Camera.cpp */; };
		55DD432D122B565D009DBFA5 /* Tracker.cpp in Sources */ = {isa = PBXBuildFile; fileRef = 5589004A120BCDD400A4B9AE /* Tracker.cpp */; };
		55DD432E122B565D009DBFA5 /* TrackerMultiMarker.cpp in Sources */ = {isa = PBXBuildFile; fileRef = 5589004B120BCDD400A4B9AE /* TrackerMultiMarker.cpp */; };
		55DD432F122B565D009DBFA5 /* TrackerSingleMarker.cpp in Sources */ = {isa = PBXBuildFile; fileRef = 5589004C120BCDD400A4B9AE /* TrackerSingleMarker.cpp */; };
		55DD4330122B5668009DBFA5 /* arBitFieldPattern.cpp in Sources */ = {isa = PBXBuildFile; fileRef = 55890021120BCDD400A4B9AE /* arBitFieldPattern.cpp */; };
		55DD4331122B5668009DBFA5 /* arDetectMarker.cpp in Sources */ = {isa = PBXBuildFile; fileRef = 55890022120BCDD400A4B9AE /* arDetectMarker.cpp */; };
		55DD4332122B5668009DBFA5 /* arDetectMarker2.cpp in Sources */ = {isa = PBXBuildFile; fileRef = 55890023120BCDD400A4B9AE /* arDetectMarker2.cpp */; };
		55DD4333122B5668009DBFA5 /* arGetCode.cpp in Sources */ = {isa = PBXBuildFile; fileRef = 55890024120BCDD400A4B9AE /* arGetCode.cpp */; };
		55DD4334122B5668009DBFA5 /* arGetInitRot2.cpp in Sources */ = {isa = PBXBuildFile; fileRef = 55890025120BCDD400A4B9AE /* arGetInitRot2.cpp */; };
		55DD4335122B5668009DBFA5 /* arGetMarkerInfo.cpp in Sources */ = {isa = PBXBuildFile; fileRef = 55890026120BCDD400A4B9AE /* arGetMarkerInfo.cpp */; };
		55DD4336122B5668009DBFA5 /* arGetTransMat.cpp in Sources */ = {isa = PBXBuildFile; fileRef = 55890027120BCDD400A4B9AE /* arGetTransMat.cpp */; };
		55DD4337122B5668009DBFA5 /* arGetTransMat2.cpp in Sources */ = {isa = PBXBuildFile; fileRef = 55890028120BCDD400A4B9AE /* arGetTransMat2.cpp */; };
		55DD4338122B5668009DBFA5 /* arGetTransMat3.cpp in Sources */ = {isa = PBXBuildFile; fileRef = 55890029120BCDD400A4B9AE /* arGetTransMat3.cpp */; };
		55DD4339122B5668009DBFA5 /* arGetTransMatCont.cpp in Sources */ = {isa = PBXBuildFile; fileRef = 5589002A120BCDD400A4B9AE /* arGetTransMatCont.cpp */; };
		55DD433A122B5668009DBFA5 /* arLabeling.cpp in Sources */ = {isa = PBXBuildFile; fileRef = 5589002B120BCDD400A4B9AE /* arLabeling.cpp */; };
		55DD433C122B5668009DBFA5 /* arMultiActivate.cpp in Sources */ = {isa = PBXBuildFile; fileRef = 5589002D120BCDD400A4B9AE /* arMultiActivate.cpp */; };
		55DD433D122B5668009DBFA5 /* arMultiGetTransMat.cpp in Sources */ = {isa = PBXBuildFile; fileRef = 5589002E120BCDD400A4B9AE /* arMultiGetTransMat.cpp */; };
		55DD433E122B5668009DBFA5 /* arMultiGetTransMatHull.cpp in Sources */ = {isa = PBXBuildFile; fileRef = 5589002F120BCDD400A4B9AE /* arMultiGetTransMatHull.cpp */; };
		55DD433F122B5668009DBFA5 /* arMultiReadConfigFile.cpp in Sources */ = {isa = PBXBuildFile; fileRef = 55890030120BCDD400A4B9AE /* arMultiReadConfigFile.cpp */; };
		55DD4340122B5668009DBFA5 /* arUtil.cpp in Sources */ = {isa = PBXBuildFile; fileRef = 55890031120BCDD400A4B9AE /* arUtil.cpp */; };
		55DD4341122B5668009DBFA5 /* matrix.cpp in Sources */ = {isa = PBXBuildFile; fileRef = 55890032120BCDD400A4B9AE /* matrix.cpp */; };
		55DD4342122B5668009DBFA5 /* mPCA.cpp in Sources */ = {isa = PBXBuildFile; fileRef = 55890033120BCDD400A4B9AE /* mPCA.cpp */; };
		55DD4343122B5668009DBFA5 /* paramDecomp.cpp in Sources */ = {isa = PBXBuildFile; fileRef = 55890034120BCDD400A4B9AE /* paramDecomp.cpp */; };
		55DD4344122B5668009DBFA5 /* paramDistortion.cpp in Sources */ = {isa = PBXBuildFile; fileRef = 55890035120BCDD400A4B9AE /* paramDistortion.cpp */; };
		55DD4345122B5668009DBFA5 /* rppGetTransMat.cpp in Sources */ = {isa = PBXBuildFile; fileRef = 55890036120BCDD400A4B9AE /* rppGetTransMat.cpp */; };
		55DD4346122B5668009DBFA5 /* rppMultiGetTransMat.cpp in Sources */ = {isa = PBXBuildFile; fileRef = 55890037120BCDD400A4B9AE /* rppMultiGetTransMat.cpp */; };
		55DD4347122B5668009DBFA5 /* vector.cpp in Sources */ = {isa = PBXBuildFile; fileRef = 55890038120BCDD400A4B9AE /* vector.cpp */; };
		55DD4348122B5670009DBFA5 /* BCH.cpp in Sources */ = {isa = PBXBuildFile; fileRef = 5589003A120BCDD400A4B9AE /* BCH.cpp */; };
		55DD4349122B5670009DBFA5 /* Hull.cpp in Sources */ = {isa = PBXBuildFile; fileRef = 5589003C120BCDD400A4B9AE /* Hull.cpp */; };
		55DD434A122B567C009DBFA5 /* arGetInitRot2Sub.cpp in Sources */ = {isa = PBXBuildFile; fileRef = 5589003E120BCDD400A4B9AE /* arGetInitRot2Sub.cpp */; };
		55DD434B122B567C009DBFA5 /* librpp.cpp in Sources */ = {isa = PBXBuildFile; fileRef = 5589003F120BCDD400A4B9AE /* librpp.cpp */; };
		55DD434C122B567C009DBFA5 /* rpp.cpp in Sources */ = {isa = PBXBuildFile; fileRef = 55890042120BCDD400A4B9AE /* rpp.cpp */; };
		55DD434D122B567C009DBFA5 /* rpp_quintic.cpp in Sources */ = {isa = PBXBuildFile; fileRef = 55890045120BCDD400A4B9AE /* rpp_quintic.cpp */; };
		55DD434E122B567C009DBFA5 /* rpp_svd.cpp in Sources */ = {isa = PBXBuildFile; fileRef = 55890046120BCDD400A4B9AE /* rpp_svd.cpp */; };
		55DD434F122B567C009DBFA5 /* rpp_vecmat.cpp in Sources */ = {isa = PBXBuildFile; fileRef = 55890048120BCDD400A4B9AE /* rpp_vecmat.cpp */; };
		55DD43B9122B6516009DBFA5 /* ARToolKitPlusWrapper.mm in Sources */ = {isa = PBXBuildFile; fileRef = 55890098120BCE1400A4B9AE /* ARToolKitPlusWrapper.mm */; };
/* End PBXBuildFile section */

/* Begin PBXFileReference section */
		1D30AB110D05D00D00671497 /* Foundation.framework */ = {isa = PBXFileReference; lastKnownFileType = wrapper.framework; name = Foundation.framework; path = System/Library/Frameworks/Foundation.framework; sourceTree = SDKROOT; };
		1D3623240D0F684500981E51 /* LindsayARAppDelegate.h */ = {isa = PBXFileReference; fileEncoding = 4; lastKnownFileType = sourcecode.c.h; path = LindsayARAppDelegate.h; sourceTree = "<group>"; };
		1D3623250D0F684500981E51 /* LindsayARAppDelegate.m */ = {isa = PBXFileReference; fileEncoding = 4; lastKnownFileType = sourcecode.c.objc; path = LindsayARAppDelegate.m; sourceTree = "<group>"; };
		1D6058910D05DD3D006BFB54 /* LindsayAR.app */ = {isa = PBXFileReference; explicitFileType = wrapper.application; includeInIndex = 0; path = LindsayAR.app; sourceTree = BUILT_PRODUCTS_DIR; };
		1DF5F4DF0D08C38300B7A737 /* UIKit.framework */ = {isa = PBXFileReference; lastKnownFileType = wrapper.framework; name = UIKit.framework; path = System/Library/Frameworks/UIKit.framework; sourceTree = SDKROOT; };
		28AD733E0D9D9553002E5188 /* MainWindow.xib */ = {isa = PBXFileReference; lastKnownFileType = file.xib; path = MainWindow.xib; sourceTree = "<group>"; };
		28FD14FF0DC6FC520079059D /* OpenGLES.framework */ = {isa = PBXFileReference; lastKnownFileType = wrapper.framework; name = OpenGLES.framework; path = System/Library/Frameworks/OpenGLES.framework; sourceTree = SDKROOT; };
		28FD15070DC6FC5B0079059D /* QuartzCore.framework */ = {isa = PBXFileReference; lastKnownFileType = wrapper.framework; name = QuartzCore.framework; path = System/Library/Frameworks/QuartzCore.framework; sourceTree = SDKROOT; };
		29B97316FDCFA39411CA2CEA /* main.m */ = {isa = PBXFileReference; fileEncoding = 4; lastKnownFileType = sourcecode.c.objc; path = main.m; sourceTree = "<group>"; };
		32CA4F630368D1EE00C91783 /* LindsayAR_Prefix.pch */ = {isa = PBXFileReference; fileEncoding = 4; lastKnownFileType = sourcecode.c.h; path = LindsayAR_Prefix.pch; sourceTree = "<group>"; };
		553EECEA12853DD50077B602 /* ConnectMenuViewController.h */ = {isa = PBXFileReference; fileEncoding = 4; lastKnownFileType = sourcecode.c.h; path = ConnectMenuViewController.h; sourceTree = "<group>"; };
		553EECEB12853DD50077B602 /* ConnectMenuViewController.m */ = {isa = PBXFileReference; fileEncoding = 4; lastKnownFileType = sourcecode.c.objc; path = ConnectMenuViewController.m; sourceTree = "<group>"; };
		553EECED12853DE10077B602 /* ConnectMenuViewController.xib */ = {isa = PBXFileReference; lastKnownFileType = file.xib; path = ConnectMenuViewController.xib; sourceTree = "<group>"; };
		553EED4B128542E10077B602 /* Default2.png */ = {isa = PBXFileReference; lastKnownFileType = image.png; path = Default2.png; sourceTree = "<group>"; };
		5548E9F311CD9259003EF5B4 /* AVFoundation.framework */ = {isa = PBXFileReference; lastKnownFileType = wrapper.framework; name = AVFoundation.framework; path = System/Library/Frameworks/AVFoundation.framework; sourceTree = SDKROOT; };
		5548EA4B11CD9324003EF5B4 /* CoreVideo.framework */ = {isa = PBXFileReference; lastKnownFileType = wrapper.framework; name = CoreVideo.framework; path = /System/Library/Frameworks/CoreVideo.framework; sourceTree = "<absolute>"; };
		5548EA7411CD93EA003EF5B4 /* CameraController.h */ = {isa = PBXFileReference; fileEncoding = 4; lastKnownFileType = sourcecode.c.h; path = CameraController.h; sourceTree = "<group>"; };
		5548EA7511CD93EA003EF5B4 /* CameraController.m */ = {isa = PBXFileReference; fileEncoding = 4; lastKnownFileType = sourcecode.c.objc; path = CameraController.m; sourceTree = "<group>"; };
		5548EB1311CD9EB1003EF5B4 /* Default.png */ = {isa = PBXFileReference; lastKnownFileType = image.png; path = Default.png; sourceTree = "<group>"; };
		555148C81221E89D00E924EA /* AsyncSocketClientWrapper.h */ = {isa = PBXFileReference; fileEncoding = 4; lastKnownFileType = sourcecode.c.h; path = AsyncSocketClientWrapper.h; sourceTree = "<group>"; };
		555148C91221E89D00E924EA /* AsyncSocketClientWrapper.m */ = {isa = PBXFileReference; fileEncoding = 4; lastKnownFileType = sourcecode.c.objc; path = AsyncSocketClientWrapper.m; sourceTree = "<group>"; };
		55514958122455D600E924EA /* AsyncSocket.h */ = {isa = PBXFileReference; fileEncoding = 4; lastKnownFileType = sourcecode.c.h; path = AsyncSocket.h; sourceTree = "<group>"; };
		55514959122455D600E924EA /* AsyncSocket.m */ = {isa = PBXFileReference; fileEncoding = 4; lastKnownFileType = sourcecode.c.objc; path = AsyncSocket.m; sourceTree = "<group>"; };
		55514A281224606100E924EA /* CFNetwork.framework */ = {isa = PBXFileReference; lastKnownFileType = wrapper.framework; name = CFNetwork.framework; path = System/Library/Frameworks/CFNetwork.framework; sourceTree = SDKROOT; };
		5559D24811DBF5A0004A8672 /* CoreMedia.framework */ = {isa = PBXFileReference; lastKnownFileType = wrapper.framework; name = CoreMedia.framework; path = System/Library/Frameworks/CoreMedia.framework; sourceTree = SDKROOT; };
		55703C90122E13D60068E0A6 /* MockARToolKitPlusWrapper.h */ = {isa = PBXFileReference; fileEncoding = 4; lastKnownFileType = sourcecode.c.h; name = MockARToolKitPlusWrapper.h; path = Tests/MockARToolKitPlusWrapper.h; sourceTree = "<group>"; };
		55703C91122E13D60068E0A6 /* MockTracker.h */ = {isa = PBXFileReference; fileEncoding = 4; lastKnownFileType = sourcecode.c.h; name = MockTracker.h; path = Tests/MockTracker.h; sourceTree = "<group>"; };
		55703C92122E13D60068E0A6 /* MockTracker.cpp */ = {isa = PBXFileReference; fileEncoding = 4; lastKnownFileType = sourcecode.cpp.cpp; name = MockTracker.cpp; path = Tests/MockTracker.cpp; sourceTree = "<group>"; };
		55703C93122E13D60068E0A6 /* MockARToolKitPlusWrapper.mm */ = {isa = PBXFileReference; fileEncoding = 4; lastKnownFileType = sourcecode.cpp.objcpp; name = MockARToolKitPlusWrapper.mm; path = Tests/MockARToolKitPlusWrapper.mm; sourceTree = "<group>"; };
		55703C96122E13E20068E0A6 /* ARToolKitPlusWrapperTest.h */ = {isa = PBXFileReference; fileEncoding = 4; lastKnownFileType = sourcecode.c.h; name = ARToolKitPlusWrapperTest.h; path = Tests/ARToolKitPlusWrapperTest.h; sourceTree = "<group>"; };
		55703C97122E13E20068E0A6 /* ARToolKitPlusWrapperTest.mm */ = {isa = PBXFileReference; fileEncoding = 4; lastKnownFileType = sourcecode.cpp.objcpp; name = ARToolKitPlusWrapperTest.mm; path = Tests/ARToolKitPlusWrapperTest.mm; sourceTree = "<group>"; };
		5589000E120BCDD400A4B9AE /* ar.h */ = {isa = PBXFileReference; fileEncoding = 4; lastKnownFileType = sourcecode.c.h; path = ar.h; sourceTree = "<group>"; };
		5589000F120BCDD400A4B9AE /* arBitFieldPattern.h */ = {isa = PBXFileReference; fileEncoding = 4; lastKnownFileType = sourcecode.c.h; path = arBitFieldPattern.h; sourceTree = "<group>"; };
		55890010120BCDD400A4B9AE /* arGetInitRot2Sub.h */ = {isa = PBXFileReference; fileEncoding = 4; lastKnownFileType = sourcecode.c.h; path = arGetInitRot2Sub.h; sourceTree = "<group>"; };
		55890011120BCDD400A4B9AE /* arMulti.h */ = {isa = PBXFileReference; fileEncoding = 4; lastKnownFileType = sourcecode.c.h; path = arMulti.h; sourceTree = "<group>"; };
		55890012120BCDD400A4B9AE /* ARToolKitPlus.h */ = {isa = PBXFileReference; fileEncoding = 4; lastKnownFileType = sourcecode.c.h; path = ARToolKitPlus.h; sourceTree = "<group>"; };
		55890013120BCDD400A4B9AE /* Camera.h */ = {isa = PBXFileReference; fileEncoding = 4; lastKnownFileType = sourcecode.c.h; path = Camera.h; sourceTree = "<group>"; };
		55890014120BCDD400A4B9AE /* config.h */ = {isa = PBXFileReference; fileEncoding = 4; lastKnownFileType = sourcecode.c.h; path = config.h; sourceTree = "<group>"; };
		55890016120BCDD400A4B9AE /* BCH.h */ = {isa = PBXFileReference; fileEncoding = 4; lastKnownFileType = sourcecode.c.h; path = BCH.h; sourceTree = "<group>"; };
		55890017120BCDD400A4B9AE /* Hull.h */ = {isa = PBXFileReference; fileEncoding = 4; lastKnownFileType = sourcecode.c.h; path = Hull.h; sourceTree = "<group>"; };
		55890018120BCDD400A4B9AE /* rpp.h */ = {isa = PBXFileReference; fileEncoding = 4; lastKnownFileType = sourcecode.c.h; path = rpp.h; sourceTree = "<group>"; };
		55890019120BCDD400A4B9AE /* matrix.h */ = {isa = PBXFileReference; fileEncoding = 4; lastKnownFileType = sourcecode.c.h; path = matrix.h; sourceTree = "<group>"; };
		5589001A120BCDD400A4B9AE /* Tracker.h */ = {isa = PBXFileReference; fileEncoding = 4; lastKnownFileType = sourcecode.c.h; path = Tracker.h; sourceTree = "<group>"; };
		5589001B120BCDD400A4B9AE /* TrackerMultiMarker.h */ = {isa = PBXFileReference; fileEncoding = 4; lastKnownFileType = sourcecode.c.h; path = TrackerMultiMarker.h; sourceTree = "<group>"; };
		5589001C120BCDD400A4B9AE /* TrackerSingleMarker.h */ = {isa = PBXFileReference; fileEncoding = 4; lastKnownFileType = sourcecode.c.h; path = TrackerSingleMarker.h; sourceTree = "<group>"; };
		5589001D120BCDD400A4B9AE /* vector.h */ = {isa = PBXFileReference; fileEncoding = 4; lastKnownFileType = sourcecode.c.h; path = vector.h; sourceTree = "<group>"; };
		5589001F120BCDD400A4B9AE /* Camera.cpp */ = {isa = PBXFileReference; fileEncoding = 4; lastKnownFileType = sourcecode.cpp.cpp; path = Camera.cpp; sourceTree = "<group>"; };
		55890021120BCDD400A4B9AE /* arBitFieldPattern.cpp */ = {isa = PBXFileReference; fileEncoding = 4; lastKnownFileType = sourcecode.cpp.cpp; path = arBitFieldPattern.cpp; sourceTree = "<group>"; };
		55890022120BCDD400A4B9AE /* arDetectMarker.cpp */ = {isa = PBXFileReference; fileEncoding = 4; lastKnownFileType = sourcecode.cpp.cpp; path = arDetectMarker.cpp; sourceTree = "<group>"; };
		55890023120BCDD400A4B9AE /* arDetectMarker2.cpp */ = {isa = PBXFileReference; fileEncoding = 4; lastKnownFileType = sourcecode.cpp.cpp; path = arDetectMarker2.cpp; sourceTree = "<group>"; };
		55890024120BCDD400A4B9AE /* arGetCode.cpp */ = {isa = PBXFileReference; fileEncoding = 4; lastKnownFileType = sourcecode.cpp.cpp; path = arGetCode.cpp; sourceTree = "<group>"; };
		55890025120BCDD400A4B9AE /* arGetInitRot2.cpp */ = {isa = PBXFileReference; fileEncoding = 4; lastKnownFileType = sourcecode.cpp.cpp; path = arGetInitRot2.cpp; sourceTree = "<group>"; };
		55890026120BCDD400A4B9AE /* arGetMarkerInfo.cpp */ = {isa = PBXFileReference; fileEncoding = 4; lastKnownFileType = sourcecode.cpp.cpp; path = arGetMarkerInfo.cpp; sourceTree = "<group>"; };
		55890027120BCDD400A4B9AE /* arGetTransMat.cpp */ = {isa = PBXFileReference; fileEncoding = 4; lastKnownFileType = sourcecode.cpp.cpp; path = arGetTransMat.cpp; sourceTree = "<group>"; };
		55890028120BCDD400A4B9AE /* arGetTransMat2.cpp */ = {isa = PBXFileReference; fileEncoding = 4; lastKnownFileType = sourcecode.cpp.cpp; path = arGetTransMat2.cpp; sourceTree = "<group>"; };
		55890029120BCDD400A4B9AE /* arGetTransMat3.cpp */ = {isa = PBXFileReference; fileEncoding = 4; lastKnownFileType = sourcecode.cpp.cpp; path = arGetTransMat3.cpp; sourceTree = "<group>"; };
		5589002A120BCDD400A4B9AE /* arGetTransMatCont.cpp */ = {isa = PBXFileReference; fileEncoding = 4; lastKnownFileType = sourcecode.cpp.cpp; path = arGetTransMatCont.cpp; sourceTree = "<group>"; };
		5589002B120BCDD400A4B9AE /* arLabeling.cpp */ = {isa = PBXFileReference; fileEncoding = 4; lastKnownFileType = sourcecode.cpp.cpp; path = arLabeling.cpp; sourceTree = "<group>"; };
		5589002C120BCDD400A4B9AE /* arLabelingImpl.h */ = {isa = PBXFileReference; fileEncoding = 4; lastKnownFileType = sourcecode.c.h; path = arLabelingImpl.h; sourceTree = "<group>"; };
		5589002D120BCDD400A4B9AE /* arMultiActivate.cpp */ = {isa = PBXFileReference; fileEncoding = 4; lastKnownFileType = sourcecode.cpp.cpp; path = arMultiActivate.cpp; sourceTree = "<group>"; };
		5589002E120BCDD400A4B9AE /* arMultiGetTransMat.cpp */ = {isa = PBXFileReference; fileEncoding = 4; lastKnownFileType = sourcecode.cpp.cpp; path = arMultiGetTransMat.cpp; sourceTree = "<group>"; };
		5589002F120BCDD400A4B9AE /* arMultiGetTransMatHull.cpp */ = {isa = PBXFileReference; fileEncoding = 4; lastKnownFileType = sourcecode.cpp.cpp; path = arMultiGetTransMatHull.cpp; sourceTree = "<group>"; };
		55890030120BCDD400A4B9AE /* arMultiReadConfigFile.cpp */ = {isa = PBXFileReference; fileEncoding = 4; lastKnownFileType = sourcecode.cpp.cpp; path = arMultiReadConfigFile.cpp; sourceTree = "<group>"; };
		55890031120BCDD400A4B9AE /* arUtil.cpp */ = {isa = PBXFileReference; fileEncoding = 4; lastKnownFileType = sourcecode.cpp.cpp; path = arUtil.cpp; sourceTree = "<group>"; };
		55890032120BCDD400A4B9AE /* matrix.cpp */ = {isa = PBXFileReference; fileEncoding = 4; lastKnownFileType = sourcecode.cpp.cpp; path = matrix.cpp; sourceTree = "<group>"; };
		55890033120BCDD400A4B9AE /* mPCA.cpp */ = {isa = PBXFileReference; fileEncoding = 4; lastKnownFileType = sourcecode.cpp.cpp; path = mPCA.cpp; sourceTree = "<group>"; };
		55890034120BCDD400A4B9AE /* paramDecomp.cpp */ = {isa = PBXFileReference; fileEncoding = 4; lastKnownFileType = sourcecode.cpp.cpp; path = paramDecomp.cpp; sourceTree = "<group>"; };
		55890035120BCDD400A4B9AE /* paramDistortion.cpp */ = {isa = PBXFileReference; fileEncoding = 4; lastKnownFileType = sourcecode.cpp.cpp; path = paramDistortion.cpp; sourceTree = "<group>"; };
		55890036120BCDD400A4B9AE /* rppGetTransMat.cpp */ = {isa = PBXFileReference; fileEncoding = 4; lastKnownFileType = sourcecode.cpp.cpp; path = rppGetTransMat.cpp; sourceTree = "<group>"; };
		55890037120BCDD400A4B9AE /* rppMultiGetTransMat.cpp */ = {isa = PBXFileReference; fileEncoding = 4; lastKnownFileType = sourcecode.cpp.cpp; path = rppMultiGetTransMat.cpp; sourceTree = "<group>"; };
		55890038120BCDD400A4B9AE /* vector.cpp */ = {isa = PBXFileReference; fileEncoding = 4; lastKnownFileType = sourcecode.cpp.cpp; path = vector.cpp; sourceTree = "<group>"; };
		5589003A120BCDD400A4B9AE /* BCH.cpp */ = {isa = PBXFileReference; fileEncoding = 4; lastKnownFileType = sourcecode.cpp.cpp; path = BCH.cpp; sourceTree = "<group>"; };
		5589003B120BCDD400A4B9AE /* BCH_original.txt */ = {isa = PBXFileReference; fileEncoding = 4; lastKnownFileType = text; path = BCH_original.txt; sourceTree = "<group>"; };
		5589003C120BCDD400A4B9AE /* Hull.cpp */ = {isa = PBXFileReference; fileEncoding = 4; lastKnownFileType = sourcecode.cpp.cpp; path = Hull.cpp; sourceTree = "<group>"; };
		5589003E120BCDD400A4B9AE /* arGetInitRot2Sub.cpp */ = {isa = PBXFileReference; fileEncoding = 4; lastKnownFileType = sourcecode.cpp.cpp; path = arGetInitRot2Sub.cpp; sourceTree = "<group>"; };
		5589003F120BCDD400A4B9AE /* librpp.cpp */ = {isa = PBXFileReference; fileEncoding = 4; lastKnownFileType = sourcecode.cpp.cpp; path = librpp.cpp; sourceTree = "<group>"; };
		55890040120BCDD400A4B9AE /* librpp.h */ = {isa = PBXFileReference; fileEncoding = 4; lastKnownFileType = sourcecode.c.h; path = librpp.h; sourceTree = "<group>"; };
		55890042120BCDD400A4B9AE /* rpp.cpp */ = {isa = PBXFileReference; fileEncoding = 4; lastKnownFileType = sourcecode.cpp.cpp; path = rpp.cpp; sourceTree = "<group>"; };
		55890043120BCDD400A4B9AE /* rpp.h */ = {isa = PBXFileReference; fileEncoding = 4; lastKnownFileType = sourcecode.c.h; path = rpp.h; sourceTree = "<group>"; };
		55890044120BCDD400A4B9AE /* rpp_const.h */ = {isa = PBXFileReference; fileEncoding = 4; lastKnownFileType = sourcecode.c.h; path = rpp_const.h; sourceTree = "<group>"; };
		55890045120BCDD400A4B9AE /* rpp_quintic.cpp */ = {isa = PBXFileReference; fileEncoding = 4; lastKnownFileType = sourcecode.cpp.cpp; path = rpp_quintic.cpp; sourceTree = "<group>"; };
		55890046120BCDD400A4B9AE /* rpp_svd.cpp */ = {isa = PBXFileReference; fileEncoding = 4; lastKnownFileType = sourcecode.cpp.cpp; path = rpp_svd.cpp; sourceTree = "<group>"; };
		55890047120BCDD400A4B9AE /* rpp_types.h */ = {isa = PBXFileReference; fileEncoding = 4; lastKnownFileType = sourcecode.c.h; path = rpp_types.h; sourceTree = "<group>"; };
		55890048120BCDD400A4B9AE /* rpp_vecmat.cpp */ = {isa = PBXFileReference; fileEncoding = 4; lastKnownFileType = sourcecode.cpp.cpp; path = rpp_vecmat.cpp; sourceTree = "<group>"; };
		55890049120BCDD400A4B9AE /* rpp_vecmat.h */ = {isa = PBXFileReference; fileEncoding = 4; lastKnownFileType = sourcecode.c.h; path = rpp_vecmat.h; sourceTree = "<group>"; };
		5589004A120BCDD400A4B9AE /* Tracker.cpp */ = {isa = PBXFileReference; fileEncoding = 4; lastKnownFileType = sourcecode.cpp.cpp; path = Tracker.cpp; sourceTree = "<group>"; };
		5589004B120BCDD400A4B9AE /* TrackerMultiMarker.cpp */ = {isa = PBXFileReference; fileEncoding = 4; lastKnownFileType = sourcecode.cpp.cpp; path = TrackerMultiMarker.cpp; sourceTree = "<group>"; };
		5589004C120BCDD400A4B9AE /* TrackerSingleMarker.cpp */ = {isa = PBXFileReference; fileEncoding = 4; lastKnownFileType = sourcecode.cpp.cpp; path = TrackerSingleMarker.cpp; sourceTree = "<group>"; };
		5589007B120BCDEB00A4B9AE /* markerboard_480-499.cfg */ = {isa = PBXFileReference; fileEncoding = 4; lastKnownFileType = text; name = "markerboard_480-499.cfg"; path = "data/markerboard_480-499.cfg"; sourceTree = "<group>"; };
		5589007E120BCDEB00A4B9AE /* no_distortion.cal */ = {isa = PBXFileReference; fileEncoding = 4; lastKnownFileType = text; name = no_distortion.cal; path = data/no_distortion.cal; sourceTree = "<group>"; };
		55890097120BCE1400A4B9AE /* ARToolKitPlusWrapper.h */ = {isa = PBXFileReference; fileEncoding = 4; lastKnownFileType = sourcecode.c.h; path = ARToolKitPlusWrapper.h; sourceTree = "<group>"; };
		55890098120BCE1400A4B9AE /* ARToolKitPlusWrapper.mm */ = {isa = PBXFileReference; fileEncoding = 4; lastKnownFileType = sourcecode.cpp.objcpp; path = ARToolKitPlusWrapper.mm; sourceTree = "<group>"; };
		55A5EF3811C6A6FA00CF2CBE /* CoreGraphics.framework */ = {isa = PBXFileReference; lastKnownFileType = wrapper.framework; name = CoreGraphics.framework; path = System/Library/Frameworks/CoreGraphics.framework; sourceTree = SDKROOT; };
		55A5EF3C11C6A71500CF2CBE /* EAGLView.h */ = {isa = PBXFileReference; fileEncoding = 4; lastKnownFileType = sourcecode.c.h; path = EAGLView.h; sourceTree = "<group>"; };
		55A5EF3D11C6A71500CF2CBE /* EAGLView.m */ = {isa = PBXFileReference; fileEncoding = 4; lastKnownFileType = sourcecode.c.objc; path = EAGLView.m; sourceTree = "<group>"; };
		55A5EF4011C6A71500CF2CBE /* ES1Renderer.h */ = {isa = PBXFileReference; fileEncoding = 4; lastKnownFileType = sourcecode.c.h; path = ES1Renderer.h; sourceTree = "<group>"; };
		55A5EF4111C6A71500CF2CBE /* ES1Renderer.m */ = {isa = PBXFileReference; fileEncoding = 4; lastKnownFileType = sourcecode.c.objc; path = ES1Renderer.m; sourceTree = "<group>"; };
		55A5EF4611C6A84700CF2CBE /* skel50.lin */ = {isa = PBXFileReference; lastKnownFileType = folder; path = skel50.lin; sourceTree = "<group>"; };
		55A5F12C11C6DA6800CF2CBE /* Icon.png */ = {isa = PBXFileReference; lastKnownFileType = image.png; path = Icon.png; sourceTree = "<group>"; };
		55C9BC0312078E1C00717481 /* Cube.h */ = {isa = PBXFileReference; fileEncoding = 4; lastKnownFileType = sourcecode.c.h; path = Cube.h; sourceTree = "<group>"; };
		55C9BC0412078E1C00717481 /* graphics.h */ = {isa = PBXFileReference; fileEncoding = 4; lastKnownFileType = sourcecode.c.h; path = graphics.h; sourceTree = "<group>"; };
		55C9BC0512078E1C00717481 /* IcoSphere.h */ = {isa = PBXFileReference; fileEncoding = 4; lastKnownFileType = sourcecode.c.h; path = IcoSphere.h; sourceTree = "<group>"; };
		55C9BC0612078E1C00717481 /* Label.h */ = {isa = PBXFileReference; fileEncoding = 4; lastKnownFileType = sourcecode.c.h; path = Label.h; sourceTree = "<group>"; };
		55C9BC0712078E1C00717481 /* Mesh.h */ = {isa = PBXFileReference; fileEncoding = 4; lastKnownFileType = sourcecode.c.h; path = Mesh.h; sourceTree = "<group>"; };
		55C9BC0812078E1C00717481 /* MeshCache.h */ = {isa = PBXFileReference; fileEncoding = 4; lastKnownFileType = sourcecode.c.h; path = MeshCache.h; sourceTree = "<group>"; };
		55C9BC0912078E1C00717481 /* MeshCalc.h */ = {isa = PBXFileReference; fileEncoding = 4; lastKnownFileType = sourcecode.c.h; path = MeshCalc.h; sourceTree = "<group>"; };
		55C9BC0A12078E1C00717481 /* meshtmp.h */ = {isa = PBXFileReference; fileEncoding = 4; lastKnownFileType = sourcecode.c.h; path = meshtmp.h; sourceTree = "<group>"; };
		55C9BC0B12078E1C00717481 /* Node.h */ = {isa = PBXFileReference; fileEncoding = 4; lastKnownFileType = sourcecode.c.h; path = Node.h; sourceTree = "<group>"; };
		55C9BC0C12078E1C00717481 /* octree.h */ = {isa = PBXFileReference; fileEncoding = 4; lastKnownFileType = sourcecode.c.h; path = octree.h; sourceTree = "<group>"; };
		55C9BC0D12078E1C00717481 /* ParameterControl.h */ = {isa = PBXFileReference; fileEncoding = 4; lastKnownFileType = sourcecode.c.h; path = ParameterControl.h; sourceTree = "<group>"; };
		55C9BC0E12078E1C00717481 /* Path.h */ = {isa = PBXFileReference; fileEncoding = 4; lastKnownFileType = sourcecode.c.h; path = Path.h; sourceTree = "<group>"; };
		55C9BC0F12078E1C00717481 /* PathNet.h */ = {isa = PBXFileReference; fileEncoding = 4; lastKnownFileType = sourcecode.c.h; path = PathNet.h; sourceTree = "<group>"; };
		55C9BC1012078E1C00717481 /* PathNode.h */ = {isa = PBXFileReference; fileEncoding = 4; lastKnownFileType = sourcecode.c.h; path = PathNode.h; sourceTree = "<group>"; };
		55C9BC1112078E1C00717481 /* PathPoint.h */ = {isa = PBXFileReference; fileEncoding = 4; lastKnownFileType = sourcecode.c.h; path = PathPoint.h; sourceTree = "<group>"; };
		55C9BC1212078E1C00717481 /* Pill.h */ = {isa = PBXFileReference; fileEncoding = 4; lastKnownFileType = sourcecode.c.h; path = Pill.h; sourceTree = "<group>"; };
		55C9BC1312078E1C00717481 /* Plane.h */ = {isa = PBXFileReference; fileEncoding = 4; lastKnownFileType = sourcecode.c.h; path = Plane.h; sourceTree = "<group>"; };
		55C9BC1412078E1C00717481 /* PointParticle.h */ = {isa = PBXFileReference; fileEncoding = 4; lastKnownFileType = sourcecode.c.h; path = PointParticle.h; sourceTree = "<group>"; };
		55C9BC1512078E1C00717481 /* PointTrace.h */ = {isa = PBXFileReference; fileEncoding = 4; lastKnownFileType = sourcecode.c.h; path = PointTrace.h; sourceTree = "<group>"; };
		55C9BC1612078E1C00717481 /* ReduceCube.h */ = {isa = PBXFileReference; fileEncoding = 4; lastKnownFileType = sourcecode.c.h; path = ReduceCube.h; sourceTree = "<group>"; };
		55C9BC1712078E1C00717481 /* ReduceOctahedron.h */ = {isa = PBXFileReference; fileEncoding = 4; lastKnownFileType = sourcecode.c.h; path = ReduceOctahedron.h; sourceTree = "<group>"; };
		55C9BC1812078E1C00717481 /* ReduceTriPyramid.h */ = {isa = PBXFileReference; fileEncoding = 4; lastKnownFileType = sourcecode.c.h; path = ReduceTriPyramid.h; sourceTree = "<group>"; };
		55C9BC1912078E1C00717481 /* Shape.h */ = {isa = PBXFileReference; fileEncoding = 4; lastKnownFileType = sourcecode.c.h; path = Shape.h; sourceTree = "<group>"; };
		55C9BC1A12078E1C00717481 /* ShapeCube.h */ = {isa = PBXFileReference; fileEncoding = 4; lastKnownFileType = sourcecode.c.h; path = ShapeCube.h; sourceTree = "<group>"; };
		55C9BC1B12078E1C00717481 /* Sphere.h */ = {isa = PBXFileReference; fileEncoding = 4; lastKnownFileType = sourcecode.c.h; path = Sphere.h; sourceTree = "<group>"; };
		55C9BC1C12078E1C00717481 /* Torus.h */ = {isa = PBXFileReference; fileEncoding = 4; lastKnownFileType = sourcecode.c.h; path = Torus.h; sourceTree = "<group>"; };
		55C9BC1D12078E1C00717481 /* TreeNode.h */ = {isa = PBXFileReference; fileEncoding = 4; lastKnownFileType = sourcecode.c.h; path = TreeNode.h; sourceTree = "<group>"; };
		55C9BC1E12078E1C00717481 /* util.h */ = {isa = PBXFileReference; fileEncoding = 4; lastKnownFileType = sourcecode.c.h; path = util.h; sourceTree = "<group>"; };
		55C9BC1F12078E1C00717481 /* vec.h */ = {isa = PBXFileReference; fileEncoding = 4; lastKnownFileType = sourcecode.c.h; path = vec.h; sourceTree = "<group>"; };
		55C9BC2012078E1C00717481 /* Vector.h */ = {isa = PBXFileReference; fileEncoding = 4; lastKnownFileType = sourcecode.c.h; path = Vector.h; sourceTree = "<group>"; };
		55C9BC2212078E1D00717481 /* LCGraphicsES_Dev.a */ = {isa = PBXFileReference; lastKnownFileType = archive.ar; path = LCGraphicsES_Dev.a; sourceTree = "<group>"; };
		55C9BC2312078E1D00717481 /* LCGraphicsES_Sim.a */ = {isa = PBXFileReference; lastKnownFileType = archive.ar; path = LCGraphicsES_Sim.a; sourceTree = "<group>"; };
		55DD42C8122B486A009DBFA5 /* LindsayClientTest-Info.plist */ = {isa = PBXFileReference; lastKnownFileType = text.plist.xml; path = "LindsayClientTest-Info.plist"; sourceTree = "<group>"; };
		55DD431D122B4CF0009DBFA5 /* LindsayClientTest.octest */ = {isa = PBXFileReference; explicitFileType = wrapper.cfbundle; includeInIndex = 0; path = LindsayClientTest.octest; sourceTree = BUILT_PRODUCTS_DIR; };
		8D1107310486CEB800E47090 /* LindsayAR-Info.plist */ = {isa = PBXFileReference; fileEncoding = 4; lastKnownFileType = text.plist.xml; path = "LindsayAR-Info.plist"; plistStructureDefinitionIdentifier = "com.apple.xcode.plist.structure-definition.iphone.info-plist"; sourceTree = "<group>"; };
/* End PBXFileReference section */

/* Begin PBXFrameworksBuildPhase section */
		1D60588F0D05DD3D006BFB54 /* Frameworks */ = {
			isa = PBXFrameworksBuildPhase;
			buildActionMask = 2147483647;
			files = (
				1D60589F0D05DD5A006BFB54 /* Foundation.framework in Frameworks */,
				1DF5F4E00D08C38300B7A737 /* UIKit.framework in Frameworks */,
				28FD15000DC6FC520079059D /* OpenGLES.framework in Frameworks */,
				28FD15080DC6FC5B0079059D /* QuartzCore.framework in Frameworks */,
				55A5EF3911C6A6FA00CF2CBE /* CoreGraphics.framework in Frameworks */,
				5548E9F411CD9259003EF5B4 /* AVFoundation.framework in Frameworks */,
				5548EA4C11CD9324003EF5B4 /* CoreVideo.framework in Frameworks */,
				5559D24911DBF5A0004A8672 /* CoreMedia.framework in Frameworks */,
				55C9BC2412078E1D00717481 /* LCGraphicsES_Dev.a in Frameworks */,
				55C9BC2512078E1D00717481 /* LCGraphicsES_Sim.a in Frameworks */,
				55514A291224606100E924EA /* CFNetwork.framework in Frameworks */,
			);
			runOnlyForDeploymentPostprocessing = 0;
		};
		55DD431A122B4CF0009DBFA5 /* Frameworks */ = {
			isa = PBXFrameworksBuildPhase;
			buildActionMask = 2147483647;
			files = (
			);
			runOnlyForDeploymentPostprocessing = 0;
		};
/* End PBXFrameworksBuildPhase section */

/* Begin PBXGroup section */
		080E96DDFE201D6D7F000001 /* Classes */ = {
			isa = PBXGroup;
			children = (
				553EECEA12853DD50077B602 /* ConnectMenuViewController.h */,
				553EECEB12853DD50077B602 /* ConnectMenuViewController.m */,
				55890097120BCE1400A4B9AE /* ARToolKitPlusWrapper.h */,
				55890098120BCE1400A4B9AE /* ARToolKitPlusWrapper.mm */,
				55514958122455D600E924EA /* AsyncSocket.h */,
				55514959122455D600E924EA /* AsyncSocket.m */,
				555148C81221E89D00E924EA /* AsyncSocketClientWrapper.h */,
				555148C91221E89D00E924EA /* AsyncSocketClientWrapper.m */,
				5548EA7411CD93EA003EF5B4 /* CameraController.h */,
				5548EA7511CD93EA003EF5B4 /* CameraController.m */,
				55A5EF3C11C6A71500CF2CBE /* EAGLView.h */,
				55A5EF3D11C6A71500CF2CBE /* EAGLView.m */,
				55A5EF4011C6A71500CF2CBE /* ES1Renderer.h */,
				55A5EF4111C6A71500CF2CBE /* ES1Renderer.m */,
				1D3623240D0F684500981E51 /* LindsayARAppDelegate.h */,
				1D3623250D0F684500981E51 /* LindsayARAppDelegate.m */,
			);
			path = Classes;
			sourceTree = "<group>";
		};
		19C28FACFE9D520D11CA2CBB /* Products */ = {
			isa = PBXGroup;
			children = (
				1D6058910D05DD3D006BFB54 /* LindsayAR.app */,
				55DD431D122B4CF0009DBFA5 /* LindsayClientTest.octest */,
			);
			name = Products;
			sourceTree = "<group>";
		};
		29B97314FDCFA39411CA2CEA /* CustomTemplate */ = {
			isa = PBXGroup;
			children = (
				55423BA31226CEB00026036C /* Tests */,
				55C9BBFD12078E1400717481 /* libs */,
				080E96DDFE201D6D7F000001 /* Classes */,
				29B97323FDCFA39411CA2CEA /* Frameworks */,
				29B97315FDCFA39411CA2CEA /* Other Sources */,
				19C28FACFE9D520D11CA2CBB /* Products */,
				29B97317FDCFA39411CA2CEA /* Resources */,
			);
			name = CustomTemplate;
			sourceTree = "<group>";
		};
		29B97315FDCFA39411CA2CEA /* Other Sources */ = {
			isa = PBXGroup;
			children = (
				32CA4F630368D1EE00C91783 /* LindsayAR_Prefix.pch */,
				29B97316FDCFA39411CA2CEA /* main.m */,
			);
			name = "Other Sources";
			sourceTree = "<group>";
		};
		29B97317FDCFA39411CA2CEA /* Resources */ = {
			isa = PBXGroup;
			children = (
				553EED4B128542E10077B602 /* Default2.png */,
				553EECED12853DE10077B602 /* ConnectMenuViewController.xib */,
				5589007B120BCDEB00A4B9AE /* markerboard_480-499.cfg */,
				5589007E120BCDEB00A4B9AE /* no_distortion.cal */,
				5548EB1311CD9EB1003EF5B4 /* Default.png */,
				55A5F12C11C6DA6800CF2CBE /* Icon.png */,
				55A5EF4611C6A84700CF2CBE /* skel50.lin */,
				28AD733E0D9D9553002E5188 /* MainWindow.xib */,
				55DD42C8122B486A009DBFA5 /* LindsayClientTest-Info.plist */,
				8D1107310486CEB800E47090 /* LindsayAR-Info.plist */,
			);
			name = Resources;
			sourceTree = "<group>";
		};
		29B97323FDCFA39411CA2CEA /* Frameworks */ = {
			isa = PBXGroup;
			children = (
				55514A281224606100E924EA /* CFNetwork.framework */,
				5548E9F311CD9259003EF5B4 /* AVFoundation.framework */,
				55A5EF3811C6A6FA00CF2CBE /* CoreGraphics.framework */,
				5559D24811DBF5A0004A8672 /* CoreMedia.framework */,
				5548EA4B11CD9324003EF5B4 /* CoreVideo.framework */,
				1D30AB110D05D00D00671497 /* Foundation.framework */,
				28FD14FF0DC6FC520079059D /* OpenGLES.framework */,
				28FD15070DC6FC5B0079059D /* QuartzCore.framework */,
				1DF5F4DF0D08C38300B7A737 /* UIKit.framework */,
			);
			name = Frameworks;
			sourceTree = "<group>";
		};
		55423BA31226CEB00026036C /* Tests */ = {
			isa = PBXGroup;
			children = (
				55703C96122E13E20068E0A6 /* ARToolKitPlusWrapperTest.h */,
				55703C97122E13E20068E0A6 /* ARToolKitPlusWrapperTest.mm */,
				5594F2CB122B39B30099847D /* Mock Classes */,
			);
			name = Tests;
			sourceTree = "<group>";
		};
		5589000B120BCDD400A4B9AE /* ARToolkitPlus */ = {
			isa = PBXGroup;
			children = (
				5589000C120BCDD400A4B9AE /* include */,
				5589001E120BCDD400A4B9AE /* src */,
			);
			path = ARToolkitPlus;
			sourceTree = "<group>";
		};
		5589000C120BCDD400A4B9AE /* include */ = {
			isa = PBXGroup;
			children = (
				5589000D120BCDD400A4B9AE /* ARToolKitPlus */,
			);
			path = include;
			sourceTree = "<group>";
		};
		5589000D120BCDD400A4B9AE /* ARToolKitPlus */ = {
			isa = PBXGroup;
			children = (
				5589000E120BCDD400A4B9AE /* ar.h */,
				5589000F120BCDD400A4B9AE /* arBitFieldPattern.h */,
				55890010120BCDD400A4B9AE /* arGetInitRot2Sub.h */,
				55890011120BCDD400A4B9AE /* arMulti.h */,
				55890012120BCDD400A4B9AE /* ARToolKitPlus.h */,
				55890013120BCDD400A4B9AE /* Camera.h */,
				55890014120BCDD400A4B9AE /* config.h */,
				55890015120BCDD400A4B9AE /* extra */,
				55890019120BCDD400A4B9AE /* matrix.h */,
				5589001A120BCDD400A4B9AE /* Tracker.h */,
				5589001B120BCDD400A4B9AE /* TrackerMultiMarker.h */,
				5589001C120BCDD400A4B9AE /* TrackerSingleMarker.h */,
				5589001D120BCDD400A4B9AE /* vector.h */,
			);
			path = ARToolKitPlus;
			sourceTree = "<group>";
		};
		55890015120BCDD400A4B9AE /* extra */ = {
			isa = PBXGroup;
			children = (
				55890016120BCDD400A4B9AE /* BCH.h */,
				55890017120BCDD400A4B9AE /* Hull.h */,
				55890018120BCDD400A4B9AE /* rpp.h */,
			);
			path = extra;
			sourceTree = "<group>";
		};
		5589001E120BCDD400A4B9AE /* src */ = {
			isa = PBXGroup;
			children = (
				5589001F120BCDD400A4B9AE /* Camera.cpp */,
				55890020120BCDD400A4B9AE /* core */,
				55890039120BCDD400A4B9AE /* extra */,
				5589003D120BCDD400A4B9AE /* librpp */,
				5589004A120BCDD400A4B9AE /* Tracker.cpp */,
				5589004B120BCDD400A4B9AE /* TrackerMultiMarker.cpp */,
				5589004C120BCDD400A4B9AE /* TrackerSingleMarker.cpp */,
			);
			path = src;
			sourceTree = "<group>";
		};
		55890020120BCDD400A4B9AE /* core */ = {
			isa = PBXGroup;
			children = (
				55890021120BCDD400A4B9AE /* arBitFieldPattern.cpp */,
				55890022120BCDD400A4B9AE /* arDetectMarker.cpp */,
				55890023120BCDD400A4B9AE /* arDetectMarker2.cpp */,
				55890024120BCDD400A4B9AE /* arGetCode.cpp */,
				55890025120BCDD400A4B9AE /* arGetInitRot2.cpp */,
				55890026120BCDD400A4B9AE /* arGetMarkerInfo.cpp */,
				55890027120BCDD400A4B9AE /* arGetTransMat.cpp */,
				55890028120BCDD400A4B9AE /* arGetTransMat2.cpp */,
				55890029120BCDD400A4B9AE /* arGetTransMat3.cpp */,
				5589002A120BCDD400A4B9AE /* arGetTransMatCont.cpp */,
				5589002B120BCDD400A4B9AE /* arLabeling.cpp */,
				5589002C120BCDD400A4B9AE /* arLabelingImpl.h */,
				5589002D120BCDD400A4B9AE /* arMultiActivate.cpp */,
				5589002E120BCDD400A4B9AE /* arMultiGetTransMat.cpp */,
				5589002F120BCDD400A4B9AE /* arMultiGetTransMatHull.cpp */,
				55890030120BCDD400A4B9AE /* arMultiReadConfigFile.cpp */,
				55890031120BCDD400A4B9AE /* arUtil.cpp */,
				55890032120BCDD400A4B9AE /* matrix.cpp */,
				55890033120BCDD400A4B9AE /* mPCA.cpp */,
				55890034120BCDD400A4B9AE /* paramDecomp.cpp */,
				55890035120BCDD400A4B9AE /* paramDistortion.cpp */,
				55890036120BCDD400A4B9AE /* rppGetTransMat.cpp */,
				55890037120BCDD400A4B9AE /* rppMultiGetTransMat.cpp */,
				55890038120BCDD400A4B9AE /* vector.cpp */,
			);
			path = core;
			sourceTree = "<group>";
		};
		55890039120BCDD400A4B9AE /* extra */ = {
			isa = PBXGroup;
			children = (
				5589003A120BCDD400A4B9AE /* BCH.cpp */,
				5589003B120BCDD400A4B9AE /* BCH_original.txt */,
				5589003C120BCDD400A4B9AE /* Hull.cpp */,
			);
			path = extra;
			sourceTree = "<group>";
		};
		5589003D120BCDD400A4B9AE /* librpp */ = {
			isa = PBXGroup;
			children = (
				5589003E120BCDD400A4B9AE /* arGetInitRot2Sub.cpp */,
				5589003F120BCDD400A4B9AE /* librpp.cpp */,
				55890040120BCDD400A4B9AE /* librpp.h */,
				55890041120BCDD400A4B9AE /* MATLAB */,
				55890042120BCDD400A4B9AE /* rpp.cpp */,
				55890043120BCDD400A4B9AE /* rpp.h */,
				55890044120BCDD400A4B9AE /* rpp_const.h */,
				55890045120BCDD400A4B9AE /* rpp_quintic.cpp */,
				55890046120BCDD400A4B9AE /* rpp_svd.cpp */,
				55890047120BCDD400A4B9AE /* rpp_types.h */,
				55890048120BCDD400A4B9AE /* rpp_vecmat.cpp */,
				55890049120BCDD400A4B9AE /* rpp_vecmat.h */,
			);
			path = librpp;
			sourceTree = "<group>";
		};
		55890041120BCDD400A4B9AE /* MATLAB */ = {
			isa = PBXGroup;
			children = (
			);
			path = MATLAB;
			sourceTree = "<group>";
		};
		5594F2CB122B39B30099847D /* Mock Classes */ = {
			isa = PBXGroup;
			children = (
				55703C90122E13D60068E0A6 /* MockARToolKitPlusWrapper.h */,
				55703C91122E13D60068E0A6 /* MockTracker.h */,
				55703C92122E13D60068E0A6 /* MockTracker.cpp */,
				55703C93122E13D60068E0A6 /* MockARToolKitPlusWrapper.mm */,
			);
			name = "Mock Classes";
			sourceTree = "<group>";
		};
		55C9BBFD12078E1400717481 /* libs */ = {
			isa = PBXGroup;
			children = (
				5589000B120BCDD400A4B9AE /* ARToolkitPlus */,
				55C9BC0112078E1C00717481 /* LCGraphicsES */,
			);
			name = libs;
			sourceTree = "<group>";
		};
		55C9BC0112078E1C00717481 /* LCGraphicsES */ = {
			isa = PBXGroup;
			children = (
				55C9BC0212078E1C00717481 /* include */,
				55C9BC2112078E1D00717481 /* lib */,
			);
			path = LCGraphicsES;
			sourceTree = "<group>";
		};
		55C9BC0212078E1C00717481 /* include */ = {
			isa = PBXGroup;
			children = (
				55C9BC0312078E1C00717481 /* Cube.h */,
				55C9BC0412078E1C00717481 /* graphics.h */,
				55C9BC0512078E1C00717481 /* IcoSphere.h */,
				55C9BC0612078E1C00717481 /* Label.h */,
				55C9BC0712078E1C00717481 /* Mesh.h */,
				55C9BC0812078E1C00717481 /* MeshCache.h */,
				55C9BC0912078E1C00717481 /* MeshCalc.h */,
				55C9BC0A12078E1C00717481 /* meshtmp.h */,
				55C9BC0B12078E1C00717481 /* Node.h */,
				55C9BC0C12078E1C00717481 /* octree.h */,
				55C9BC0D12078E1C00717481 /* ParameterControl.h */,
				55C9BC0E12078E1C00717481 /* Path.h */,
				55C9BC0F12078E1C00717481 /* PathNet.h */,
				55C9BC1012078E1C00717481 /* PathNode.h */,
				55C9BC1112078E1C00717481 /* PathPoint.h */,
				55C9BC1212078E1C00717481 /* Pill.h */,
				55C9BC1312078E1C00717481 /* Plane.h */,
				55C9BC1412078E1C00717481 /* PointParticle.h */,
				55C9BC1512078E1C00717481 /* PointTrace.h */,
				55C9BC1612078E1C00717481 /* ReduceCube.h */,
				55C9BC1712078E1C00717481 /* ReduceOctahedron.h */,
				55C9BC1812078E1C00717481 /* ReduceTriPyramid.h */,
				55C9BC1912078E1C00717481 /* Shape.h */,
				55C9BC1A12078E1C00717481 /* ShapeCube.h */,
				55C9BC1B12078E1C00717481 /* Sphere.h */,
				55C9BC1C12078E1C00717481 /* Torus.h */,
				55C9BC1D12078E1C00717481 /* TreeNode.h */,
				55C9BC1E12078E1C00717481 /* util.h */,
				55C9BC1F12078E1C00717481 /* vec.h */,
				55C9BC2012078E1C00717481 /* Vector.h */,
			);
			path = include;
			sourceTree = "<group>";
		};
		55C9BC2112078E1D00717481 /* lib */ = {
			isa = PBXGroup;
			children = (
				55C9BC2212078E1D00717481 /* LCGraphicsES_Dev.a */,
				55C9BC2312078E1D00717481 /* LCGraphicsES_Sim.a */,
			);
			path = lib;
			sourceTree = "<group>";
		};
/* End PBXGroup section */

/* Begin PBXNativeTarget section */
		1D6058900D05DD3D006BFB54 /* LindsayAR */ = {
			isa = PBXNativeTarget;
			buildConfigurationList = 1D6058960D05DD3E006BFB54 /* Build configuration list for PBXNativeTarget "LindsayAR" */;
			buildPhases = (
				1D60588D0D05DD3D006BFB54 /* Resources */,
				1D60588E0D05DD3D006BFB54 /* Sources */,
				1D60588F0D05DD3D006BFB54 /* Frameworks */,
			);
			buildRules = (
			);
			dependencies = (
			);
			name = LindsayAR;
			productName = LindsayAR;
			productReference = 1D6058910D05DD3D006BFB54 /* LindsayAR.app */;
			productType = "com.apple.product-type.application";
		};
		55DD431C122B4CF0009DBFA5 /* LindsayClientTest */ = {
			isa = PBXNativeTarget;
			buildConfigurationList = 55DD4328122B4CF5009DBFA5 /* Build configuration list for PBXNativeTarget "LindsayClientTest" */;
			buildPhases = (
				55DD4318122B4CF0009DBFA5 /* Resources */,
				55DD4319122B4CF0009DBFA5 /* Sources */,
				55DD431A122B4CF0009DBFA5 /* Frameworks */,
				55DD431B122B4CF0009DBFA5 /* ShellScript */,
			);
			buildRules = (
			);
			dependencies = (
			);
			name = LindsayClientTest;
			productName = LindsayClientTest;
			productReference = 55DD431D122B4CF0009DBFA5 /* LindsayClientTest.octest */;
			productType = "com.apple.product-type.bundle";
		};
/* End PBXNativeTarget section */

/* Begin PBXProject section */
		29B97313FDCFA39411CA2CEA /* Project object */ = {
			isa = PBXProject;
			buildConfigurationList = C01FCF4E08A954540054247B /* Build configuration list for PBXProject "LindsayAR" */;
			compatibilityVersion = "Xcode 3.1";
			developmentRegion = English;
			hasScannedForEncodings = 1;
			knownRegions = (
				English,
				Japanese,
				French,
				German,
			);
			mainGroup = 29B97314FDCFA39411CA2CEA /* CustomTemplate */;
			projectDirPath = "";
			projectRoot = "";
			targets = (
				1D6058900D05DD3D006BFB54 /* LindsayAR */,
				55DD431C122B4CF0009DBFA5 /* LindsayClientTest */,
			);
		};
/* End PBXProject section */

/* Begin PBXResourcesBuildPhase section */
		1D60588D0D05DD3D006BFB54 /* Resources */ = {
			isa = PBXResourcesBuildPhase;
			buildActionMask = 2147483647;
			files = (
				28AD733F0D9D9553002E5188 /* MainWindow.xib in Resources */,
				55A5EF4711C6A84700CF2CBE /* skel50.lin in Resources */,
				55A5F12D11C6DA6800CF2CBE /* Icon.png in Resources */,
				5548EB1411CD9EB1003EF5B4 /* Default.png in Resources */,
				55890066120BCDD400A4B9AE /* BCH_original.txt in Resources */,
				55890087120BCDEB00A4B9AE /* markerboard_480-499.cfg in Resources */,
				5589008A120BCDEB00A4B9AE /* no_distortion.cal in Resources */,
				553EECEE12853DE10077B602 /* ConnectMenuViewController.xib in Resources */,
				553EED4C128542E10077B602 /* Default2.png in Resources */,
			);
			runOnlyForDeploymentPostprocessing = 0;
		};
		55DD4318122B4CF0009DBFA5 /* Resources */ = {
			isa = PBXResourcesBuildPhase;
			buildActionMask = 2147483647;
			files = (
				55DD432A122B564A009DBFA5 /* markerboard_480-499.cfg in Resources */,
				55DD432B122B564A009DBFA5 /* no_distortion.cal in Resources */,
			);
			runOnlyForDeploymentPostprocessing = 0;
		};
/* End PBXResourcesBuildPhase section */

/* Begin PBXShellScriptBuildPhase section */
		55DD431B122B4CF0009DBFA5 /* ShellScript */ = {
			isa = PBXShellScriptBuildPhase;
			buildActionMask = 2147483647;
			files = (
			);
			inputPaths = (
			);
			outputPaths = (
			);
			runOnlyForDeploymentPostprocessing = 0;
			shellPath = /bin/sh;
			shellScript = "# Run the unit tests in this test bundle.\n\"${SYSTEM_DEVELOPER_DIR}/Tools/RunUnitTests\"\n";
		};
/* End PBXShellScriptBuildPhase section */

/* Begin PBXSourcesBuildPhase section */
		1D60588E0D05DD3D006BFB54 /* Sources */ = {
			isa = PBXSourcesBuildPhase;
			buildActionMask = 2147483647;
			files = (
				5589004E120BCDD400A4B9AE /* arBitFieldPattern.cpp in Sources */,
				5589004F120BCDD400A4B9AE /* arDetectMarker.cpp in Sources */,
				55890050120BCDD400A4B9AE /* arDetectMarker2.cpp in Sources */,
				55890051120BCDD400A4B9AE /* arGetCode.cpp in Sources */,
				55890052120BCDD400A4B9AE /* arGetInitRot2.cpp in Sources */,
				55890068120BCDD400A4B9AE /* arGetInitRot2Sub.cpp in Sources */,
				55890053120BCDD400A4B9AE /* arGetMarkerInfo.cpp in Sources */,
				55890054120BCDD400A4B9AE /* arGetTransMat.cpp in Sources */,
				55890055120BCDD400A4B9AE /* arGetTransMat2.cpp in Sources */,
				55890056120BCDD400A4B9AE /* arGetTransMat3.cpp in Sources */,
				55890057120BCDD400A4B9AE /* arGetTransMatCont.cpp in Sources */,
				55890058120BCDD400A4B9AE /* arLabeling.cpp in Sources */,
				55890059120BCDD400A4B9AE /* arMultiActivate.cpp in Sources */,
				5589005A120BCDD400A4B9AE /* arMultiGetTransMat.cpp in Sources */,
				5589005B120BCDD400A4B9AE /* arMultiGetTransMatHull.cpp in Sources */,
				5589005C120BCDD400A4B9AE /* arMultiReadConfigFile.cpp in Sources */,
				55890099120BCE1400A4B9AE /* ARToolKitPlusWrapper.mm in Sources */,
				5589005D120BCDD400A4B9AE /* arUtil.cpp in Sources */,
				5551495A122455D600E924EA /* AsyncSocket.m in Sources */,
				555148CA1221E89D00E924EA /* AsyncSocketClientWrapper.m in Sources */,
				55890065120BCDD400A4B9AE /* BCH.cpp in Sources */,
				5589004D120BCDD400A4B9AE /* Camera.cpp in Sources */,
				5548EA7611CD93EA003EF5B4 /* CameraController.m in Sources */,
				55A5EF4211C6A71500CF2CBE /* EAGLView.m in Sources */,
				55A5EF4411C6A71500CF2CBE /* ES1Renderer.m in Sources */,
				55890067120BCDD400A4B9AE /* Hull.cpp in Sources */,
				55890069120BCDD400A4B9AE /* librpp.cpp in Sources */,
				1D3623260D0F684500981E51 /* LindsayARAppDelegate.m in Sources */,
				1D60589B0D05DD56006BFB54 /* main.m in Sources */,
				5589005E120BCDD400A4B9AE /* matrix.cpp in Sources */,
				5589005F120BCDD400A4B9AE /* mPCA.cpp in Sources */,
				55890060120BCDD400A4B9AE /* paramDecomp.cpp in Sources */,
				55890061120BCDD400A4B9AE /* paramDistortion.cpp in Sources */,
				5589006A120BCDD400A4B9AE /* rpp.cpp in Sources */,
				5589006B120BCDD400A4B9AE /* rpp_quintic.cpp in Sources */,
				5589006C120BCDD400A4B9AE /* rpp_svd.cpp in Sources */,
				5589006D120BCDD400A4B9AE /* rpp_vecmat.cpp in Sources */,
				55890062120BCDD400A4B9AE /* rppGetTransMat.cpp in Sources */,
				55890063120BCDD400A4B9AE /* rppMultiGetTransMat.cpp in Sources */,
				5589006E120BCDD400A4B9AE /* Tracker.cpp in Sources */,
				5589006F120BCDD500A4B9AE /* TrackerMultiMarker.cpp in Sources */,
				55890070120BCDD500A4B9AE /* TrackerSingleMarker.cpp in Sources */,
				55890064120BCDD400A4B9AE /* vector.cpp in Sources */,
				553EECEC12853DD50077B602 /* ConnectMenuViewController.m in Sources */,
			);
			runOnlyForDeploymentPostprocessing = 0;
		};
		55DD4319122B4CF0009DBFA5 /* Sources */ = {
			isa = PBXSourcesBuildPhase;
			buildActionMask = 2147483647;
			files = (
				55DD43B9122B6516009DBFA5 /* ARToolKitPlusWrapper.mm in Sources */,
				55DD432C122B565D009DBFA5 /* Camera.cpp in Sources */,
				55DD434A122B567C009DBFA5 /* arGetInitRot2Sub.cpp in Sources */,
				55DD434B122B567C009DBFA5 /* librpp.cpp in Sources */,
				55DD434C122B567C009DBFA5 /* rpp.cpp in Sources */,
				55DD434D122B567C009DBFA5 /* rpp_quintic.cpp in Sources */,
				55DD434E122B567C009DBFA5 /* rpp_svd.cpp in Sources */,
				55DD434F122B567C009DBFA5 /* rpp_vecmat.cpp in Sources */,
				55DD4330122B5668009DBFA5 /* arBitFieldPattern.cpp in Sources */,
				55DD4348122B5670009DBFA5 /* BCH.cpp in Sources */,
				55DD4349122B5670009DBFA5 /* Hull.cpp in Sources */,
				55DD4331122B5668009DBFA5 /* arDetectMarker.cpp in Sources */,
				55DD4332122B5668009DBFA5 /* arDetectMarker2.cpp in Sources */,
				55DD4333122B5668009DBFA5 /* arGetCode.cpp in Sources */,
				55DD4334122B5668009DBFA5 /* arGetInitRot2.cpp in Sources */,
				55DD4335122B5668009DBFA5 /* arGetMarkerInfo.cpp in Sources */,
				55DD4336122B5668009DBFA5 /* arGetTransMat.cpp in Sources */,
				55DD4337122B5668009DBFA5 /* arGetTransMat2.cpp in Sources */,
				55DD4338122B5668009DBFA5 /* arGetTransMat3.cpp in Sources */,
				55DD4339122B5668009DBFA5 /* arGetTransMatCont.cpp in Sources */,
				55DD433A122B5668009DBFA5 /* arLabeling.cpp in Sources */,
				55DD433C122B5668009DBFA5 /* arMultiActivate.cpp in Sources */,
				55DD433D122B5668009DBFA5 /* arMultiGetTransMat.cpp in Sources */,
				55DD433E122B5668009DBFA5 /* arMultiGetTransMatHull.cpp in Sources */,
				55DD433F122B5668009DBFA5 /* arMultiReadConfigFile.cpp in Sources */,
				55DD4340122B5668009DBFA5 /* arUtil.cpp in Sources */,
				55DD4341122B5668009DBFA5 /* matrix.cpp in Sources */,
				55DD4342122B5668009DBFA5 /* mPCA.cpp in Sources */,
				55DD4343122B5668009DBFA5 /* paramDecomp.cpp in Sources */,
				55DD4344122B5668009DBFA5 /* paramDistortion.cpp in Sources */,
				55DD4345122B5668009DBFA5 /* rppGetTransMat.cpp in Sources */,
				55DD4346122B5668009DBFA5 /* rppMultiGetTransMat.cpp in Sources */,
				55DD4347122B5668009DBFA5 /* vector.cpp in Sources */,
				55DD432D122B565D009DBFA5 /* Tracker.cpp in Sources */,
				55DD432E122B565D009DBFA5 /* TrackerMultiMarker.cpp in Sources */,
				55DD432F122B565D009DBFA5 /* TrackerSingleMarker.cpp in Sources */,
				55703C94122E13D60068E0A6 /* MockTracker.cpp in Sources */,
				55703C95122E13D60068E0A6 /* MockARToolKitPlusWrapper.mm in Sources */,
				55703C98122E13E20068E0A6 /* ARToolKitPlusWrapperTest.mm in Sources */,
			);
			runOnlyForDeploymentPostprocessing = 0;
		};
/* End PBXSourcesBuildPhase section */

/* Begin XCBuildConfiguration section */
		1D6058940D05DD3E006BFB54 /* Debug */ = {
			isa = XCBuildConfiguration;
			buildSettings = {
				ALWAYS_SEARCH_USER_PATHS = NO;
				COPY_PHASE_STRIP = NO;
				GCC_DYNAMIC_NO_PIC = NO;
				GCC_OPTIMIZATION_LEVEL = 0;
				GCC_PRECOMPILE_PREFIX_HEADER = YES;
				GCC_PREFIX_HEADER = LindsayAR_Prefix.pch;
				"GCC_THUMB_SUPPORT[arch=armv6]" = "";
				INFOPLIST_FILE = "LindsayAR-Info.plist";
				LIBRARY_SEARCH_PATHS = (
					"$(inherited)",
					"\"$(SRCROOT)/LCGraphicsES/lib\"",
				);
				PRODUCT_NAME = LindsayAR;
			};
			name = Debug;
		};
		1D6058950D05DD3E006BFB54 /* Release */ = {
			isa = XCBuildConfiguration;
			buildSettings = {
				ALWAYS_SEARCH_USER_PATHS = NO;
				COPY_PHASE_STRIP = YES;
				GCC_PRECOMPILE_PREFIX_HEADER = YES;
				GCC_PREFIX_HEADER = LindsayAR_Prefix.pch;
				"GCC_THUMB_SUPPORT[arch=armv6]" = "";
				INFOPLIST_FILE = "LindsayAR-Info.plist";
				LIBRARY_SEARCH_PATHS = (
					"$(inherited)",
					"\"$(SRCROOT)/LCGraphicsES/lib\"",
				);
				PRODUCT_NAME = LindsayAR;
				VALIDATE_PRODUCT = YES;
			};
			name = Release;
		};
		55DD431E122B4CF1009DBFA5 /* Debug */ = {
			isa = XCBuildConfiguration;
			buildSettings = {
				ALWAYS_SEARCH_USER_PATHS = NO;
				"CODE_SIGN_IDENTITY[sdk=iphoneos*]" = "";
				COPY_PHASE_STRIP = NO;
				FRAMEWORK_SEARCH_PATHS = (
					"\"$(SDKROOT)/Developer/Library/Frameworks\"",
					"\"$(DEVELOPER_LIBRARY_DIR)/Frameworks\"",
				);
				GCC_DYNAMIC_NO_PIC = NO;
				GCC_ENABLE_FIX_AND_CONTINUE = NO;
				GCC_ENABLE_OBJC_EXCEPTIONS = YES;
				GCC_OPTIMIZATION_LEVEL = 0;
				INFOPLIST_FILE = "LindsayClientTest-Info.plist";
				OTHER_LDFLAGS = (
					"-framework",
					Foundation,
					"-framework",
					SenTestingKit,
					"-framework",
					UIKit,
				);
				PREBINDING = NO;
				PRODUCT_NAME = LindsayClientTest;
				WRAPPER_EXTENSION = octest;
			};
			name = Debug;
		};
		55DD431F122B4CF1009DBFA5 /* Release */ = {
			isa = XCBuildConfiguration;
			buildSettings = {
				ALWAYS_SEARCH_USER_PATHS = NO;
				"CODE_SIGN_IDENTITY[sdk=iphoneos*]" = "";
				COPY_PHASE_STRIP = YES;
				DEBUG_INFORMATION_FORMAT = "dwarf-with-dsym";
				FRAMEWORK_SEARCH_PATHS = (
					"\"$(SDKROOT)/Developer/Library/Frameworks\"",
					"\"$(DEVELOPER_LIBRARY_DIR)/Frameworks\"",
				);
				GCC_ENABLE_FIX_AND_CONTINUE = NO;
				GCC_ENABLE_OBJC_EXCEPTIONS = YES;
				INFOPLIST_FILE = "LindsayClientTest-Info.plist";
				OTHER_LDFLAGS = (
					"-framework",
					Foundation,
					"-framework",
					SenTestingKit,
					"-framework",
					UIKit,
				);
				PREBINDING = NO;
				PRODUCT_NAME = LindsayClientTest;
				WRAPPER_EXTENSION = octest;
				ZERO_LINK = NO;
			};
			name = Release;
		};
		C01FCF4F08A954540054247B /* Debug */ = {
			isa = XCBuildConfiguration;
			buildSettings = {
				ARCHS = "$(ARCHS_STANDARD_32_BIT)";
				"CODE_SIGN_IDENTITY[sdk=iphoneos*]" = "iPhone Developer: Jishuo Yang (3UHESA5XC8)";
				GCC_C_LANGUAGE_STANDARD = c99;
				GCC_PREPROCESSOR_DEFINITIONS = DEBUG;
				GCC_WARN_ABOUT_RETURN_TYPE = YES;
				GCC_WARN_UNUSED_VARIABLE = YES;
				PREBINDING = NO;
				"PROVISIONING_PROFILE[sdk=iphoneos*]" = "B04E8C89-1418-4733-A188-B431F042C6BF";
				SDKROOT = iphoneos4.1;
			};
			name = Debug;
		};
		C01FCF5008A954540054247B /* Release */ = {
			isa = XCBuildConfiguration;
			buildSettings = {
				ARCHS = "$(ARCHS_STANDARD_32_BIT)";
				"CODE_SIGN_IDENTITY[sdk=iphoneos*]" = "iPhone Developer";
				GCC_C_LANGUAGE_STANDARD = c99;
				GCC_WARN_ABOUT_RETURN_TYPE = YES;
				GCC_WARN_UNUSED_VARIABLE = YES;
				OTHER_CFLAGS = "-DNS_BLOCK_ASSERTIONS=1";
				PREBINDING = NO;
				SDKROOT = iphoneos4.1;
			};
			name = Release;
		};
/* End XCBuildConfiguration section */

/* Begin XCConfigurationList section */
		1D6058960D05DD3E006BFB54 /* Build configuration list for PBXNativeTarget "LindsayAR" */ = {
			isa = XCConfigurationList;
			buildConfigurations = (
				1D6058940D05DD3E006BFB54 /* Debug */,
				1D6058950D05DD3E006BFB54 /* Release */,
			);
			defaultConfigurationIsVisible = 0;
			defaultConfigurationName = Release;
		};
		55DD4328122B4CF5009DBFA5 /* Build configuration list for PBXNativeTarget "LindsayClientTest" */ = {
			isa = XCConfigurationList;
			buildConfigurations = (
				55DD431E122B4CF1009DBFA5 /* Debug */,
				55DD431F122B4CF1009DBFA5 /* Release */,
			);
			defaultConfigurationIsVisible = 0;
			defaultConfigurationName = Release;
		};
		C01FCF4E08A954540054247B /* Build configuration list for PBXProject "LindsayAR" */ = {
			isa = XCConfigurationList;
			buildConfigurations = (
				C01FCF4F08A954540054247B /* Debug */,
				C01FCF5008A954540054247B /* Release */,
			);
			defaultConfigurationIsVisible = 0;
			defaultConfigurationName = Release;
		};
/* End XCConfigurationList section */
	};
	rootObject = 29B97313FDCFA39411CA2CEA /* Project object */;
}
